{
  "version": 4,
  "terraform_version": "1.1.2",
  "serial": 82,
  "lineage": "925a7f66-5558-4c8f-29f9-475fb75e6469",
  "outputs": {},
  "resources": [
    {
      "mode": "managed",
      "type": "azurerm_resource_group",
      "name": "func-rg",
      "provider": "provider[\"registry.terraform.io/hashicorp/azurerm\"]",
      "instances": [
        {
          "schema_version": 0,
          "attributes": {
            "id": "/subscriptions/0cd56ed7-146e-4d85-b06e-2c8ef96475a4/resourceGroups/func-rg",
            "location": "northeurope",
            "name": "func-rg",
            "tags": null,
            "timeouts": null
          },
          "sensitive_attributes": [],
          "private": "eyJlMmJmYjczMC1lY2FhLTExZTYtOGY4OC0zNDM2M2JjN2M0YzAiOnsiY3JlYXRlIjo1NDAwMDAwMDAwMDAwLCJkZWxldGUiOjU0MDAwMDAwMDAwMDAsInJlYWQiOjMwMDAwMDAwMDAwMCwidXBkYXRlIjo1NDAwMDAwMDAwMDAwfX0="
        }
      ]
    },
    {
      "mode": "managed",
      "type": "azurerm_storage_account",
      "name": "func_storage_acc",
      "provider": "provider[\"registry.terraform.io/hashicorp/azurerm\"]",
      "instances": [
        {
          "schema_version": 2,
          "attributes": {
            "access_tier": "Hot",
            "account_kind": "StorageV2",
            "account_replication_type": "LRS",
            "account_tier": "Standard",
            "allow_blob_public_access": false,
            "azure_files_authentication": [],
            "blob_properties": [
              {
                "change_feed_enabled": false,
                "container_delete_retention_policy": [],
                "cors_rule": [],
                "default_service_version": "",
                "delete_retention_policy": [],
                "last_access_time_enabled": false,
                "versioning_enabled": false
              }
            ],
            "custom_domain": [],
            "enable_https_traffic_only": true,
            "id": "/subscriptions/0cd56ed7-146e-4d85-b06e-2c8ef96475a4/resourceGroups/func-rg/providers/Microsoft.Storage/storageAccounts/funcstorageacca68m",
            "identity": [],
            "infrastructure_encryption_enabled": false,
            "is_hns_enabled": false,
            "large_file_share_enabled": null,
            "location": "northeurope",
            "min_tls_version": "TLS1_0",
            "name": "funcstorageacca68m",
            "network_rules": [
              {
                "bypass": [
                  "AzureServices"
                ],
                "default_action": "Allow",
                "ip_rules": [],
                "private_link_access": [],
                "virtual_network_subnet_ids": []
              }
            ],
            "nfsv3_enabled": false,
            "primary_access_key": "mEksmnezZhCP8bce2eW3oHGwTFYBfHDHLCJripnpExZCx6cJbw7b16ROqprp/HvtFjRS377POFbD3eXPl4dOVw==",
            "primary_blob_connection_string": "DefaultEndpointsProtocol=https;BlobEndpoint=https://funcstorageacca68m.blob.core.windows.net/;AccountName=funcstorageacca68m;AccountKey=mEksmnezZhCP8bce2eW3oHGwTFYBfHDHLCJripnpExZCx6cJbw7b16ROqprp/HvtFjRS377POFbD3eXPl4dOVw==",
            "primary_blob_endpoint": "https://funcstorageacca68m.blob.core.windows.net/",
            "primary_blob_host": "funcstorageacca68m.blob.core.windows.net",
            "primary_connection_string": "DefaultEndpointsProtocol=https;AccountName=funcstorageacca68m;AccountKey=mEksmnezZhCP8bce2eW3oHGwTFYBfHDHLCJripnpExZCx6cJbw7b16ROqprp/HvtFjRS377POFbD3eXPl4dOVw==;EndpointSuffix=core.windows.net",
            "primary_dfs_endpoint": "https://funcstorageacca68m.dfs.core.windows.net/",
            "primary_dfs_host": "funcstorageacca68m.dfs.core.windows.net",
            "primary_file_endpoint": "https://funcstorageacca68m.file.core.windows.net/",
            "primary_file_host": "funcstorageacca68m.file.core.windows.net",
            "primary_location": "northeurope",
            "primary_queue_endpoint": "https://funcstorageacca68m.queue.core.windows.net/",
            "primary_queue_host": "funcstorageacca68m.queue.core.windows.net",
            "primary_table_endpoint": "https://funcstorageacca68m.table.core.windows.net/",
            "primary_table_host": "funcstorageacca68m.table.core.windows.net",
            "primary_web_endpoint": "https://funcstorageacca68m.z16.web.core.windows.net/",
            "primary_web_host": "funcstorageacca68m.z16.web.core.windows.net",
            "queue_encryption_key_type": "Service",
            "queue_properties": [
              {
                "cors_rule": [],
                "hour_metrics": [
                  {
                    "enabled": true,
                    "include_apis": true,
                    "retention_policy_days": 7,
                    "version": "1.0"
                  }
                ],
                "logging": [
                  {
                    "delete": false,
                    "read": false,
                    "retention_policy_days": 0,
                    "version": "1.0",
                    "write": false
                  }
                ],
                "minute_metrics": [
                  {
                    "enabled": false,
                    "include_apis": false,
                    "retention_policy_days": 0,
                    "version": "1.0"
                  }
                ]
              }
            ],
            "resource_group_name": "func-rg",
            "routing": [],
            "secondary_access_key": "ACwg/VXme18hRFY48uzQH4aUYX0ovJXtt1RacuK9BM+r5lKvDA5y3oOVD1FiwbsJRAvpvmGEySaUQuwdnqMXEg==",
            "secondary_blob_connection_string": "",
            "secondary_blob_endpoint": null,
            "secondary_blob_host": null,
            "secondary_connection_string": "DefaultEndpointsProtocol=https;AccountName=funcstorageacca68m;AccountKey=ACwg/VXme18hRFY48uzQH4aUYX0ovJXtt1RacuK9BM+r5lKvDA5y3oOVD1FiwbsJRAvpvmGEySaUQuwdnqMXEg==;EndpointSuffix=core.windows.net",
            "secondary_dfs_endpoint": null,
            "secondary_dfs_host": null,
            "secondary_file_endpoint": null,
            "secondary_file_host": null,
            "secondary_location": "",
            "secondary_queue_endpoint": null,
            "secondary_queue_host": null,
            "secondary_table_endpoint": null,
            "secondary_table_host": null,
            "secondary_web_endpoint": null,
            "secondary_web_host": null,
            "share_properties": [
              {
                "cors_rule": [],
                "retention_policy": [
                  {
                    "days": 7
                  }
                ],
                "smb": []
              }
            ],
            "shared_access_key_enabled": true,
            "static_website": [],
            "table_encryption_key_type": "Service",
            "tags": null,
            "timeouts": null
          },
          "sensitive_attributes": [],
          "private": "eyJlMmJmYjczMC1lY2FhLTExZTYtOGY4OC0zNDM2M2JjN2M0YzAiOnsiY3JlYXRlIjozNjAwMDAwMDAwMDAwLCJkZWxldGUiOjM2MDAwMDAwMDAwMDAsInJlYWQiOjMwMDAwMDAwMDAwMCwidXBkYXRlIjozNjAwMDAwMDAwMDAwfSwic2NoZW1hX3ZlcnNpb24iOiIyIn0=",
          "dependencies": [
            "azurerm_resource_group.func-rg",
            "random_string.random"
          ]
        }
      ]
    },
    {
      "mode": "managed",
      "type": "azurerm_storage_container",
      "name": "func_storage_container",
      "provider": "provider[\"registry.terraform.io/hashicorp/azurerm\"]",
      "instances": [
        {
          "schema_version": 1,
          "attributes": {
            "container_access_type": "private",
            "has_immutability_policy": false,
            "has_legal_hold": false,
            "id": "https://funcstorageacca68m.blob.core.windows.net/func-deployments",
            "metadata": {},
            "name": "func-deployments",
            "resource_manager_id": "/subscriptions/0cd56ed7-146e-4d85-b06e-2c8ef96475a4/resourceGroups/func-rg/providers/Microsoft.Storage/storageAccounts/funcstorageacca68m/blobServices/default/containers/func-deployments",
            "storage_account_name": "funcstorageacca68m",
            "timeouts": null
          },
          "sensitive_attributes": [],
          "private": "eyJlMmJmYjczMC1lY2FhLTExZTYtOGY4OC0zNDM2M2JjN2M0YzAiOnsiY3JlYXRlIjoxODAwMDAwMDAwMDAwLCJkZWxldGUiOjE4MDAwMDAwMDAwMDAsInJlYWQiOjMwMDAwMDAwMDAwMCwidXBkYXRlIjoxODAwMDAwMDAwMDAwfSwic2NoZW1hX3ZlcnNpb24iOiIxIn0=",
          "dependencies": [
            "azurerm_resource_group.func-rg",
            "azurerm_storage_account.func_storage_acc",
            "random_string.random"
          ]
        }
      ]
    },
    {
      "mode": "managed",
      "type": "local_file",
      "name": "output",
      "provider": "provider[\"registry.terraform.io/hashicorp/local\"]",
      "instances": [
        {
          "schema_version": 0,
          "attributes": {
            "content": "{\"app_functions\":{\"hostname\":\"azfunc-app-terrf.azurewebsites.net\",\"id\":\"/subscriptions/0cd56ed7-146e-4d85-b06e-2c8ef96475a4/resourceGroups/func-rg/providers/Microsoft.Web/sites/azfunc-app-terrf\",\"name\":\"azfunc-app-terrf\",\"storage_account\":\"DefaultEndpointsProtocol=https;AccountName=funcstorageacca68m;AccountKey=mEksmnezZhCP8bce2eW3oHGwTFYBfHDHLCJripnpExZCx6cJbw7b16ROqprp\\\\/HvtFjRS377POFbD3eXPl4dOVw==;EndpointSuffix=core.windows.net\"}}",
            "content_base64": null,
            "directory_permission": "0777",
            "file_permission": "0777",
            "filename": "../temp_infra/func.json",
            "id": "fd5f1e6c56cae1cb58e5c95f3c453d4176f1c4c5",
            "sensitive_content": null,
            "source": null
          },
          "sensitive_attributes": [
            [
              {
                "type": "get_attr",
                "value": "content"
              }
            ]
          ],
          "private": "bnVsbA==",
          "dependencies": [
            "azurerm_resource_group.func-rg",
            "azurerm_storage_account.func_storage_acc",
            "module.func.azurerm_app_service_plan.func_app_service_plan",
            "module.func.azurerm_function_app.func_function_app",
            "random_string.random"
          ]
        }
      ]
    },
    {
      "mode": "managed",
      "type": "random_string",
      "name": "random",
      "provider": "provider[\"registry.terraform.io/hashicorp/random\"]",
      "instances": [
        {
          "schema_version": 1,
          "attributes": {
            "id": "a68m",
            "keepers": null,
            "length": 4,
            "lower": true,
            "min_lower": 0,
            "min_numeric": 0,
            "min_special": 0,
            "min_upper": 0,
            "number": true,
            "override_special": null,
            "result": "a68m",
            "special": false,
            "upper": false
          },
          "sensitive_attributes": [],
          "private": "eyJzY2hlbWFfdmVyc2lvbiI6IjEifQ=="
        }
      ]
    },
    {
      "module": "module.func",
      "mode": "managed",
      "type": "azurerm_app_service_plan",
      "name": "func_app_service_plan",
      "provider": "provider[\"registry.terraform.io/hashicorp/azurerm\"]",
      "instances": [
        {
          "schema_version": 0,
          "attributes": {
            "app_service_environment_id": "",
            "id": "/subscriptions/0cd56ed7-146e-4d85-b06e-2c8ef96475a4/resourceGroups/func-rg/providers/Microsoft.Web/serverfarms/func-app-service-plan",
            "is_xenon": false,
            "kind": "functionapp",
            "location": "northeurope",
            "maximum_elastic_worker_count": 1,
            "maximum_number_of_workers": 0,
            "name": "func-app-service-plan",
            "per_site_scaling": false,
            "reserved": true,
            "resource_group_name": "func-rg",
            "sku": [
              {
                "capacity": 0,
                "size": "Y1",
                "tier": "Dynamic"
              }
            ],
            "tags": null,
            "timeouts": null,
            "zone_redundant": false
          },
          "sensitive_attributes": [],
          "private": "eyJlMmJmYjczMC1lY2FhLTExZTYtOGY4OC0zNDM2M2JjN2M0YzAiOnsiY3JlYXRlIjozNjAwMDAwMDAwMDAwLCJkZWxldGUiOjM2MDAwMDAwMDAwMDAsInJlYWQiOjMwMDAwMDAwMDAwMCwidXBkYXRlIjozNjAwMDAwMDAwMDAwfX0=",
          "dependencies": [
            "azurerm_resource_group.func-rg"
          ]
        }
      ]
    },
    {
      "module": "module.func",
      "mode": "managed",
      "type": "azurerm_application_insights",
      "name": "func_application_insights",
      "provider": "provider[\"registry.terraform.io/hashicorp/azurerm\"]",
      "instances": [
        {
          "schema_version": 1,
          "attributes": {
            "app_id": "3e54f25e-9c0c-457c-8b3a-030a2ef1f077",
            "application_type": "Node.JS",
            "connection_string": "InstrumentationKey=b432cf2f-e110-445b-bb14-b956e4d0dca2;IngestionEndpoint=https://northeurope-0.in.applicationinsights.azure.com/",
            "daily_data_cap_in_gb": 100,
            "daily_data_cap_notifications_disabled": false,
            "disable_ip_masking": false,
            "id": "/subscriptions/0cd56ed7-146e-4d85-b06e-2c8ef96475a4/resourceGroups/func-rg/providers/Microsoft.Insights/components/func-application-insights",
            "instrumentation_key": "b432cf2f-e110-445b-bb14-b956e4d0dca2",
            "internet_ingestion_enabled": true,
            "internet_query_enabled": true,
            "local_authentication_disabled": false,
            "location": "northeurope",
            "name": "func-application-insights",
            "resource_group_name": "func-rg",
            "retention_in_days": 90,
            "sampling_percentage": 100,
            "tags": null,
            "timeouts": null,
            "workspace_id": null
          },
          "sensitive_attributes": [],
          "private": "eyJlMmJmYjczMC1lY2FhLTExZTYtOGY4OC0zNDM2M2JjN2M0YzAiOnsiY3JlYXRlIjoxODAwMDAwMDAwMDAwLCJkZWxldGUiOjE4MDAwMDAwMDAwMDAsInJlYWQiOjMwMDAwMDAwMDAwMCwidXBkYXRlIjoxODAwMDAwMDAwMDAwfSwic2NoZW1hX3ZlcnNpb24iOiIxIn0=",
          "dependencies": [
            "azurerm_resource_group.func-rg"
          ]
        }
      ]
    },
    {
      "module": "module.func",
      "mode": "managed",
      "type": "azurerm_function_app",
      "name": "func_function_app",
      "provider": "provider[\"registry.terraform.io/hashicorp/azurerm\"]",
      "instances": [
        {
          "schema_version": 0,
          "attributes": {
            "app_service_plan_id": "/subscriptions/0cd56ed7-146e-4d85-b06e-2c8ef96475a4/resourceGroups/func-rg/providers/Microsoft.Web/serverfarms/func-app-service-plan",
            "app_settings": {},
            "auth_settings": [
              {
                "active_directory": [],
                "additional_login_params": {},
                "allowed_external_redirect_urls": [],
                "default_provider": "",
                "enabled": false,
                "facebook": [],
                "google": [],
                "issuer": "",
                "microsoft": [],
                "runtime_version": "",
                "token_refresh_extension_hours": 0,
                "token_store_enabled": false,
                "twitter": [],
                "unauthenticated_client_action": ""
              }
            ],
            "client_affinity_enabled": false,
            "client_cert_mode": "",
            "connection_string": [],
            "custom_domain_verification_id": "81F4CB6941AAC0D13D4B79B77446593CED99F57CF76E33C58250037617758AB0",
            "daily_memory_time_quota": 0,
            "default_hostname": "azfunc-app-terrf.azurewebsites.net",
            "enable_builtin_logging": true,
            "enabled": true,
            "https_only": false,
            "id": "/subscriptions/0cd56ed7-146e-4d85-b06e-2c8ef96475a4/resourceGroups/func-rg/providers/Microsoft.Web/sites/azfunc-app-terrf",
            "identity": [],
            "key_vault_reference_identity_id": "SystemAssigned",
            "kind": "functionapp,linux",
            "location": "northeurope",
            "name": "azfunc-app-terrf",
            "os_type": "linux",
            "outbound_ip_addresses": "52.178.158.175,52.178.157.85,52.178.154.170,52.178.159.233,52.178.157.162",
            "possible_outbound_ip_addresses": "52.178.158.175,52.178.157.85,52.178.154.170,52.178.159.233,52.178.157.162,52.138.179.135,52.169.12.39",
            "resource_group_name": "func-rg",
            "site_config": [
              {
                "always_on": false,
                "app_scale_limit": 200,
                "auto_swap_slot_name": "",
                "cors": [],
                "dotnet_framework_version": "v4.0",
                "elastic_instance_minimum": 0,
                "ftps_state": "AllAllowed",
                "health_check_path": "",
                "http2_enabled": false,
                "ip_restriction": [],
                "java_version": "",
                "linux_fx_version": "",
                "min_tls_version": "1.2",
                "pre_warmed_instance_count": 0,
                "runtime_scale_monitoring_enabled": false,
                "scm_ip_restriction": [],
                "scm_type": "None",
                "scm_use_main_ip_restriction": false,
                "use_32_bit_worker_process": false,
                "vnet_route_all_enabled": false,
                "websockets_enabled": false
              }
            ],
            "site_credential": [
              {
                "password": "fe00swdqdeXapPm6f9PEW4akcQ7CaK19FrhtyDNS1vD5wCNEXlX8FSvoaspa",
                "username": "$azfunc-app-terrf"
              }
            ],
            "source_control": [
              {
                "branch": "master",
                "manual_integration": false,
                "repo_url": "",
                "rollback_enabled": false,
                "use_mercurial": false
              }
            ],
            "storage_account_access_key": "mEksmnezZhCP8bce2eW3oHGwTFYBfHDHLCJripnpExZCx6cJbw7b16ROqprp/HvtFjRS377POFbD3eXPl4dOVw==",
            "storage_account_name": "funcstorageacca68m",
            "storage_connection_string": "DefaultEndpointsProtocol=https;AccountName=funcstorageacca68m;AccountKey=mEksmnezZhCP8bce2eW3oHGwTFYBfHDHLCJripnpExZCx6cJbw7b16ROqprp/HvtFjRS377POFbD3eXPl4dOVw==;EndpointSuffix=core.windows.net",
            "tags": null,
            "timeouts": null,
            "version": "~1"
          },
          "sensitive_attributes": [
            [
              {
                "type": "get_attr",
                "value": "storage_account_access_key"
              }
            ]
          ],
          "private": "eyJlMmJmYjczMC1lY2FhLTExZTYtOGY4OC0zNDM2M2JjN2M0YzAiOnsiY3JlYXRlIjoxODAwMDAwMDAwMDAwLCJkZWxldGUiOjE4MDAwMDAwMDAwMDAsInJlYWQiOjMwMDAwMDAwMDAwMCwidXBkYXRlIjoxODAwMDAwMDAwMDAwfX0=",
          "dependencies": [
            "azurerm_resource_group.func-rg",
            "azurerm_storage_account.func_storage_acc",
            "module.func.azurerm_app_service_plan.func_app_service_plan",
            "random_string.random"
          ]
        }
      ]
    }
  ]
}
